
Microsoft Visual Studio Solution File, Format Version 12.00
# Visual Studio 2013
VisualStudioVersion = 12.0.21005.1
MinimumVisualStudioVersion = 10.0.40219.1
Project("{FAE04EC0-301F-11D3-BF4B-00C04F79EFBC}") = "SamsStuff", "SamsStuff\SamsStuff.csproj", "{3BD96AAD-4957-483F-9A38-B68B5ED0D5B0}"
EndProject
Project("{FAE04EC0-301F-11D3-BF4B-00C04F79EFBC}") = "SamAPI", "SamAPI\SamAPI.csproj", "{F4A72834-E732-4BA8-9D07-A66F8671384A}"
EndProject
Project("{FAE04EC0-301F-11D3-BF4B-00C04F79EFBC}") = "SamData", "SamData\SamData.csproj", "{0B5ED4CC-749D-4A3B-A506-AD125BA5DA65}"
EndProject
Global
	GlobalSection(SolutionConfigurationPlatforms) = preSolution
		Debug|Any CPU = Debug|Any CPU
		Release|Any CPU = Release|Any CPU
	EndGlobalSection
	GlobalSection(ProjectConfigurationPlatforms) = postSolution
		{3BD96AAD-4957-483F-9A38-B68B5ED0D5B0}.Debug|Any CPU.ActiveCfg = Debug|Any CPU
		{3BD96AAD-4957-483F-9A38-B68B5ED0D5B0}.Debug|Any CPU.Build.0 = Debug|Any CPU
		{3BD96AAD-4957-483F-9A38-B68B5ED0D5B0}.Release|Any CPU.ActiveCfg = Release|Any CPU
		{3BD96AAD-4957-483F-9A38-B68B5ED0D5B0}.Release|Any CPU.Build.0 = Release|Any CPU
		{F4A72834-E732-4BA8-9D07-A66F8671384A}.Debug|Any CPU.ActiveCfg = Debug|Any CPU
		{F4A72834-E732-4BA8-9D07-A66F8671384A}.Debug|Any CPU.Build.0 = Debug|Any CPU
		{F4A72834-E732-4BA8-9D07-A66F8671384A}.Release|Any CPU.ActiveCfg = Release|Any CPU
		{F4A72834-E732-4BA8-9D07-A66F8671384A}.Release|Any CPU.Build.0 = Release|Any CPU
		{0B5ED4CC-749D-4A3B-A506-AD125BA5DA65}.Debug|Any CPU.ActiveCfg = Debug|Any CPU
		{0B5ED4CC-749D-4A3B-A506-AD125BA5DA65}.Debug|Any CPU.Build.0 = Debug|Any CPU
		{0B5ED4CC-749D-4A3B-A506-AD125BA5DA65}.Release|Any CPU.ActiveCfg = Release|Any CPU
		{0B5ED4CC-749D-4A3B-A506-AD125BA5DA65}.Release|Any CPU.Build.0 = Release|Any CPU
	EndGlobalSection
	GlobalSection(SolutionProperties) = preSolution
		HideSolutionNode = FALSE
	EndGlobalSection
EndGlobal
